
Microsoft Visual Studio Solution File, Format Version 12.00
# Visual Studio 14
VisualStudioVersion = 14.0.25420.1
MinimumVisualStudioVersion = 10.0.40219.1
Project("{FAE04EC0-301F-11D3-BF4B-00C04F79EFBC}") = "Jamrozik.SqlForward", "Jamrozik.SqlForward\Jamrozik.SqlForward.csproj", "{4F483716-ACC6-4ED4-8A64-A96FCA8C6323}"
EndProject
Project("{FAE04EC0-301F-11D3-BF4B-00C04F79EFBC}") = "Jamrozik.SqlForward.Test", "Jamrozik.SqlForward.Test\Jamrozik.SqlForward.Test.csproj", "{6E57A0B3-D9C2-4523-BA5E-E124E5FBE9F1}"
EndProject
Global
	GlobalSection(SolutionConfigurationPlatforms) = preSolution
		Debug|Any CPU = Debug|Any CPU
		Release|Any CPU = Release|Any CPU
	EndGlobalSection
	GlobalSection(ProjectConfigurationPlatforms) = postSolution
		{4F483716-ACC6-4ED4-8A64-A96FCA8C6323}.Debug|Any CPU.ActiveCfg = Debug|Any CPU
		{4F483716-ACC6-4ED4-8A64-A96FCA8C6323}.Debug|Any CPU.Build.0 = Debug|Any CPU
		{4F483716-ACC6-4ED4-8A64-A96FCA8C6323}.Release|Any CPU.ActiveCfg = Release|Any CPU
		{4F483716-ACC6-4ED4-8A64-A96FCA8C6323}.Release|Any CPU.Build.0 = Release|Any CPU
		{6E57A0B3-D9C2-4523-BA5E-E124E5FBE9F1}.Debug|Any CPU.ActiveCfg = Debug|Any CPU
		{6E57A0B3-D9C2-4523-BA5E-E124E5FBE9F1}.Debug|Any CPU.Build.0 = Debug|Any CPU
		{6E57A0B3-D9C2-4523-BA5E-E124E5FBE9F1}.Release|Any CPU.ActiveCfg = Release|Any CPU
		{6E57A0B3-D9C2-4523-BA5E-E124E5FBE9F1}.Release|Any CPU.Build.0 = Release|Any CPU
	EndGlobalSection
	GlobalSection(SolutionProperties) = preSolution
		HideSolutionNode = FALSE
	EndGlobalSection
EndGlobal
